{
    "_readme": [
        "This file locks the dependencies of your project to a known state",
        "Read more about it at https://getcomposer.org/doc/01-basic-usage.md#installing-dependencies",
        "This file is @generated automatically"
    ],
    "content-hash": "ee2521279f544b5d2a99d620be8c45bf",
    "packages": [
        {
            "name": "swoole/ide-helper",
            "version": "5.0.3",
            "source": {
                "type": "git",
                "url": "https://github.com/swoole/ide-helper.git",
                "reference": "4b6e615cb27c251b6248b8bd9501edbd02a45c18"
            },
            "dist": {
                "type": "zip",
                "url": "https://api.github.com/repos/swoole/ide-helper/zipball/4b6e615cb27c251b6248b8bd9501edbd02a45c18",
                "reference": "4b6e615cb27c251b6248b8bd9501edbd02a45c18",
                "shasum": ""
            },
            "type": "library",
            "notification-url": "https://packagist.org/downloads/",
            "license": [
                "Apache-2.0"
            ],
            "authors": [
                {
                    "name": "Team Swoole",
                    "email": "team@swoole.com"
                }
            ],
            "description": "IDE help files for Swoole.",
            "support": {
                "issues": "https://github.com/swoole/ide-helper/issues",
                "source": "https://github.com/swoole/ide-helper/tree/5.0.3"
            },
            "time": "2023-04-28T22:20:18+00:00"
        },
        {
            "name": "utopia-php/cli",
            "version": "0.15.0",
            "source": {
                "type": "git",
                "url": "https://github.com/utopia-php/cli.git",
                "reference": "ccb7c8125ffe0254fef8f25744bfa376eb7bd0ea"
            },
            "dist": {
                "type": "zip",
                "url": "https://api.github.com/repos/utopia-php/cli/zipball/ccb7c8125ffe0254fef8f25744bfa376eb7bd0ea",
                "reference": "ccb7c8125ffe0254fef8f25744bfa376eb7bd0ea",
                "shasum": ""
            },
            "require": {
                "php": ">=7.4",
                "utopia-php/framework": "0.*.*"
            },
            "require-dev": {
                "laravel/pint": "1.2.*",
                "phpunit/phpunit": "^9.3",
                "squizlabs/php_codesniffer": "^3.6",
                "vimeo/psalm": "4.0.1"
            },
            "type": "library",
            "autoload": {
                "psr-4": {
                    "Utopia\\CLI\\": "src/CLI"
                }
            },
            "notification-url": "https://packagist.org/downloads/",
            "license": [
                "MIT"
            ],
            "description": "A simple CLI library to manage command line applications",
            "keywords": [
                "cli",
                "command line",
                "framework",
                "php",
                "upf",
                "utopia"
            ],
            "support": {
                "issues": "https://github.com/utopia-php/cli/issues",
                "source": "https://github.com/utopia-php/cli/tree/0.15.0"
            },
            "time": "2023-03-01T05:55:14+00:00"
        },
        {
            "name": "utopia-php/framework",
            "version": "0.28.4",
            "source": {
                "type": "git",
                "url": "https://github.com/utopia-php/framework.git",
                "reference": "98c5469efe195aeecc63745dbf8e2f357f8cedac"
            },
            "dist": {
                "type": "zip",
                "url": "https://api.github.com/repos/utopia-php/framework/zipball/98c5469efe195aeecc63745dbf8e2f357f8cedac",
                "reference": "98c5469efe195aeecc63745dbf8e2f357f8cedac",
                "shasum": ""
            },
            "require": {
                "php": ">=8.0"
            },
            "require-dev": {
                "laravel/pint": "^1.2",
                "phpstan/phpstan": "1.9.x-dev",
                "phpunit/phpunit": "^9.5.25",
                "vimeo/psalm": "4.27.0"
            },
            "type": "library",
            "autoload": {
                "psr-4": {
                    "Utopia\\": "src/"
                }
            },
            "notification-url": "https://packagist.org/downloads/",
            "license": [
                "MIT"
            ],
            "description": "A simple, light and advanced PHP framework",
            "keywords": [
                "framework",
                "php",
                "upf"
            ],
            "support": {
                "issues": "https://github.com/utopia-php/framework/issues",
                "source": "https://github.com/utopia-php/framework/tree/0.28.4"
            },
            "time": "2023-06-03T14:09:22+00:00"
        }
    ],
    "packages-dev": [],
    "aliases": [],
    "minimum-stability": "stable",
    "stability-flags": [],
    "prefer-stable": false,
    "prefer-lowest": false,
    "platform": {
        "ext-swoole": "*"
    },
    "platform-dev": [],
    "plugin-api-version": "2.3.0"
}
